
Microsoft Visual Studio Solution File, Format Version 12.00
# Visual Studio 2015
Project("{FAE04EC0-301F-11D3-BF4B-00C04F79EFBC}") = "Unity-test.CSharp", "Unity-test.CSharp.csproj", "{FE4EA51D-0E01-257E-A123-EFD1062C5E97}"
EndProject
Global
	GlobalSection(SolutionConfigurationPlatforms) = preSolution
		Debug|Any CPU = Debug|Any CPU
		Release|Any CPU = Release|Any CPU
	EndGlobalSection
	GlobalSection(ProjectConfigurationPlatforms) = postSolution
		{FE4EA51D-0E01-257E-A123-EFD1062C5E97}.Debug|Any CPU.ActiveCfg = Debug|Any CPU
		{FE4EA51D-0E01-257E-A123-EFD1062C5E97}.Debug|Any CPU.Build.0 = Debug|Any CPU
		{FE4EA51D-0E01-257E-A123-EFD1062C5E97}.Release|Any CPU.ActiveCfg = Release|Any CPU
		{FE4EA51D-0E01-257E-A123-EFD1062C5E97}.Release|Any CPU.Build.0 = Release|Any CPU
	EndGlobalSection
	GlobalSection(SolutionProperties) = preSolution
		HideSolutionNode = FALSE
	EndGlobalSection
EndGlobal
